
Microsoft Visual Studio Solution File, Format Version 12.00
# Visual Studio Version 16
VisualStudioVersion = 16.0.30413.136
MinimumVisualStudioVersion = 10.0.40219.1
Project("{FAE04EC0-301F-11D3-BF4B-00C04F79EFBC}") = "lab0", "lab0.csproj", "{1C463186-4D2B-466E-A3A8-4313F30FD22F}"
EndProject
Global
	GlobalSection(SolutionConfigurationPlatforms) = preSolution
		Debug|Any CPU = Debug|Any CPU
		Release|Any CPU = Release|Any CPU
	EndGlobalSection
	GlobalSection(ProjectConfigurationPlatforms) = postSolution
		{1C463186-4D2B-466E-A3A8-4313F30FD22F}.Debug|Any CPU.ActiveCfg = Debug|Any CPU
		{1C463186-4D2B-466E-A3A8-4313F30FD22F}.Debug|Any CPU.Build.0 = Debug|Any CPU
		{1C463186-4D2B-466E-A3A8-4313F30FD22F}.Release|Any CPU.ActiveCfg = Release|Any CPU
		{1C463186-4D2B-466E-A3A8-4313F30FD22F}.Release|Any CPU.Build.0 = Release|Any CPU
	EndGlobalSection
	GlobalSection(SolutionProperties) = preSolution
		HideSolutionNode = FALSE
	EndGlobalSection
	GlobalSection(ExtensibilityGlobals) = postSolution
		SolutionGuid = {233866DB-86C1-44BD-9C0E-0FAFC644E352}
	EndGlobalSection
EndGlobal
